github.com/SENERGY-Platform/go-cc-job-handler v0.1.2 h1:Ly7lwoyVC3YUAZ38OOfrvGfE8gtJqnJnhw7OzWR+/0M=
github.com/SENERGY-Platform/go-cc-job-handler v0.1.2/go.mod h1:BH2fiuHGrY2OedQ598mildtGQPBgFEk6q+hOHNksra8=
github.com/SENERGY-Platform/mgw-go-service-base/job-hdl/lib v0.1.1 h1:IygyZ7cC91fiMz8O7ZUghKYAfJFk7XAJnoBBc+62RkE=
github.com/SENERGY-Platform/mgw-go-service-base/job-hdl/lib v0.1.1/go.mod h1:5FGXcRj/fiLQAww1TBYs4OpQZmjWmxQjOdlRN5343Qw=
github.com/google/uuid v1.6.0 h1:NIvaJDMOsjHA8n1jAhLSgzrAzy1Hgr+hNrb57e+94F0=
github.com/google/uuid v1.6.0/go.mod h1:TIyPZe4MgqvfeYDBFedMoGGpEw/LqOeaOT+nhxU+yHo=
